
Microsoft Visual Studio Solution File, Format Version 12.00
# Visual Studio Version 17
VisualStudioVersion = 17.0.31903.59
MinimumVisualStudioVersion = 10.0.40219.1
Project("{2150E333-8FDC-42A3-9474-1A3956D46DE8}") = "src", "src", "{827E0CD3-B72D-47B6-A68D-7590B98EB39B}"
EndProject
Project("{FAE04EC0-301F-11D3-BF4B-00C04F79EFBC}") = "MMW.Shared", "src\MMW.Shared\MMW.Shared.csproj", "{C404426A-731B-4D09-AFF5-A1DEC16B5A56}"
EndProject
Project("{FAE04EC0-301F-11D3-BF4B-00C04F79EFBC}") = "MMW.Domain", "src\MMW.Domain\MMW.Domain.csproj", "{1537C32E-AAA3-403F-9470-98E03C309D0C}"
EndProject
Project("{FAE04EC0-301F-11D3-BF4B-00C04F79EFBC}") = "MMW.Infrastructure", "src\MMW.Infrastructure\MMW.Infrastructure.csproj", "{5FCDD8B0-6CE8-40FF-842B-F0BC210DA7A6}"
EndProject
Project("{FAE04EC0-301F-11D3-BF4B-00C04F79EFBC}") = "MMW.Application", "src\MMW.Application\MMW.Application.csproj", "{DE666AF9-D1C6-4E35-9311-E924EC026B8B}"
EndProject
Project("{FAE04EC0-301F-11D3-BF4B-00C04F79EFBC}") = "MMW.Web", "src\MMW.Web\MMW.Web.csproj", "{9993D66D-73C0-44FF-952E-1C2A0A71873F}"
EndProject
Project("{2150E333-8FDC-42A3-9474-1A3956D46DE8}") = "tests", "tests", "{0AB3BF05-4346-4AA6-1389-037BE0695223}"
EndProject
Project("{FAE04EC0-301F-11D3-BF4B-00C04F79EFBC}") = "MMW.RuleEngine.Tests", "tests\MMW.RuleEngine.Tests\MMW.RuleEngine.Tests.csproj", "{B2B0E064-62FB-4D70-BA86-47202D6239FA}"
EndProject
Global
	GlobalSection(SolutionConfigurationPlatforms) = preSolution
		Debug|Any CPU = Debug|Any CPU
		Debug|x64 = Debug|x64
		Debug|x86 = Debug|x86
		Release|Any CPU = Release|Any CPU
		Release|x64 = Release|x64
		Release|x86 = Release|x86
	EndGlobalSection
	GlobalSection(ProjectConfigurationPlatforms) = postSolution
		{C404426A-731B-4D09-AFF5-A1DEC16B5A56}.Debug|Any CPU.ActiveCfg = Debug|Any CPU
		{C404426A-731B-4D09-AFF5-A1DEC16B5A56}.Debug|Any CPU.Build.0 = Debug|Any CPU
		{C404426A-731B-4D09-AFF5-A1DEC16B5A56}.Debug|x64.ActiveCfg = Debug|Any CPU
		{C404426A-731B-4D09-AFF5-A1DEC16B5A56}.Debug|x64.Build.0 = Debug|Any CPU
		{C404426A-731B-4D09-AFF5-A1DEC16B5A56}.Debug|x86.ActiveCfg = Debug|Any CPU
		{C404426A-731B-4D09-AFF5-A1DEC16B5A56}.Debug|x86.Build.0 = Debug|Any CPU
		{C404426A-731B-4D09-AFF5-A1DEC16B5A56}.Release|Any CPU.ActiveCfg = Release|Any CPU
		{C404426A-731B-4D09-AFF5-A1DEC16B5A56}.Release|Any CPU.Build.0 = Release|Any CPU
		{C404426A-731B-4D09-AFF5-A1DEC16B5A56}.Release|x64.ActiveCfg = Release|Any CPU
		{C404426A-731B-4D09-AFF5-A1DEC16B5A56}.Release|x64.Build.0 = Release|Any CPU
		{C404426A-731B-4D09-AFF5-A1DEC16B5A56}.Release|x86.ActiveCfg = Release|Any CPU
		{C404426A-731B-4D09-AFF5-A1DEC16B5A56}.Release|x86.Build.0 = Release|Any CPU
		{1537C32E-AAA3-403F-9470-98E03C309D0C}.Debug|Any CPU.ActiveCfg = Debug|Any CPU
		{1537C32E-AAA3-403F-9470-98E03C309D0C}.Debug|Any CPU.Build.0 = Debug|Any CPU
		{1537C32E-AAA3-403F-9470-98E03C309D0C}.Debug|x64.ActiveCfg = Debug|Any CPU
		{1537C32E-AAA3-403F-9470-98E03C309D0C}.Debug|x64.Build.0 = Debug|Any CPU
		{1537C32E-AAA3-403F-9470-98E03C309D0C}.Debug|x86.ActiveCfg = Debug|Any CPU
		{1537C32E-AAA3-403F-9470-98E03C309D0C}.Debug|x86.Build.0 = Debug|Any CPU
		{1537C32E-AAA3-403F-9470-98E03C309D0C}.Release|Any CPU.ActiveCfg = Release|Any CPU
		{1537C32E-AAA3-403F-9470-98E03C309D0C}.Release|Any CPU.Build.0 = Release|Any CPU
		{1537C32E-AAA3-403F-9470-98E03C309D0C}.Release|x64.ActiveCfg = Release|Any CPU
		{1537C32E-AAA3-403F-9470-98E03C309D0C}.Release|x64.Build.0 = Release|Any CPU
		{1537C32E-AAA3-403F-9470-98E03C309D0C}.Release|x86.ActiveCfg = Release|Any CPU
		{1537C32E-AAA3-403F-9470-98E03C309D0C}.Release|x86.Build.0 = Release|Any CPU
		{5FCDD8B0-6CE8-40FF-842B-F0BC210DA7A6}.Debug|Any CPU.ActiveCfg = Debug|Any CPU
		{5FCDD8B0-6CE8-40FF-842B-F0BC210DA7A6}.Debug|Any CPU.Build.0 = Debug|Any CPU
		{5FCDD8B0-6CE8-40FF-842B-F0BC210DA7A6}.Debug|x64.ActiveCfg = Debug|Any CPU
		{5FCDD8B0-6CE8-40FF-842B-F0BC210DA7A6}.Debug|x64.Build.0 = Debug|Any CPU
		{5FCDD8B0-6CE8-40FF-842B-F0BC210DA7A6}.Debug|x86.ActiveCfg = Debug|Any CPU
		{5FCDD8B0-6CE8-40FF-842B-F0BC210DA7A6}.Debug|x86.Build.0 = Debug|Any CPU
		{5FCDD8B0-6CE8-40FF-842B-F0BC210DA7A6}.Release|Any CPU.ActiveCfg = Release|Any CPU
		{5FCDD8B0-6CE8-40FF-842B-F0BC210DA7A6}.Release|Any CPU.Build.0 = Release|Any CPU
		{5FCDD8B0-6CE8-40FF-842B-F0BC210DA7A6}.Release|x64.ActiveCfg = Release|Any CPU
		{5FCDD8B0-6CE8-40FF-842B-F0BC210DA7A6}.Release|x64.Build.0 = Release|Any CPU
		{5FCDD8B0-6CE8-40FF-842B-F0BC210DA7A6}.Release|x86.ActiveCfg = Release|Any CPU
		{5FCDD8B0-6CE8-40FF-842B-F0BC210DA7A6}.Release|x86.Build.0 = Release|Any CPU
		{DE666AF9-D1C6-4E35-9311-E924EC026B8B}.Debug|Any CPU.ActiveCfg = Debug|Any CPU
		{DE666AF9-D1C6-4E35-9311-E924EC026B8B}.Debug|Any CPU.Build.0 = Debug|Any CPU
		{DE666AF9-D1C6-4E35-9311-E924EC026B8B}.Debug|x64.ActiveCfg = Debug|Any CPU
		{DE666AF9-D1C6-4E35-9311-E924EC026B8B}.Debug|x64.Build.0 = Debug|Any CPU
		{DE666AF9-D1C6-4E35-9311-E924EC026B8B}.Debug|x86.ActiveCfg = Debug|Any CPU
		{DE666AF9-D1C6-4E35-9311-E924EC026B8B}.Debug|x86.Build.0 = Debug|Any CPU
		{DE666AF9-D1C6-4E35-9311-E924EC026B8B}.Release|Any CPU.ActiveCfg = Release|Any CPU
		{DE666AF9-D1C6-4E35-9311-E924EC026B8B}.Release|Any CPU.Build.0 = Release|Any CPU
		{DE666AF9-D1C6-4E35-9311-E924EC026B8B}.Release|x64.ActiveCfg = Release|Any CPU
		{DE666AF9-D1C6-4E35-9311-E924EC026B8B}.Release|x64.Build.0 = Release|Any CPU
		{DE666AF9-D1C6-4E35-9311-E924EC026B8B}.Release|x86.ActiveCfg = Release|Any CPU
		{DE666AF9-D1C6-4E35-9311-E924EC026B8B}.Release|x86.Build.0 = Release|Any CPU
		{9993D66D-73C0-44FF-952E-1C2A0A71873F}.Debug|Any CPU.ActiveCfg = Debug|Any CPU
		{9993D66D-73C0-44FF-952E-1C2A0A71873F}.Debug|Any CPU.Build.0 = Debug|Any CPU
		{9993D66D-73C0-44FF-952E-1C2A0A71873F}.Debug|x64.ActiveCfg = Debug|Any CPU
		{9993D66D-73C0-44FF-952E-1C2A0A71873F}.Debug|x64.Build.0 = Debug|Any CPU
		{9993D66D-73C0-44FF-952E-1C2A0A71873F}.Debug|x86.ActiveCfg = Debug|Any CPU
		{9993D66D-73C0-44FF-952E-1C2A0A71873F}.Debug|x86.Build.0 = Debug|Any CPU
		{9993D66D-73C0-44FF-952E-1C2A0A71873F}.Release|Any CPU.ActiveCfg = Release|Any CPU
		{9993D66D-73C0-44FF-952E-1C2A0A71873F}.Release|Any CPU.Build.0 = Release|Any CPU
		{9993D66D-73C0-44FF-952E-1C2A0A71873F}.Release|x64.ActiveCfg = Release|Any CPU
		{9993D66D-73C0-44FF-952E-1C2A0A71873F}.Release|x64.Build.0 = Release|Any CPU
		{9993D66D-73C0-44FF-952E-1C2A0A71873F}.Release|x86.ActiveCfg = Release|Any CPU
		{9993D66D-73C0-44FF-952E-1C2A0A71873F}.Release|x86.Build.0 = Release|Any CPU
		{B2B0E064-62FB-4D70-BA86-47202D6239FA}.Debug|Any CPU.ActiveCfg = Debug|Any CPU
		{B2B0E064-62FB-4D70-BA86-47202D6239FA}.Debug|Any CPU.Build.0 = Debug|Any CPU
		{B2B0E064-62FB-4D70-BA86-47202D6239FA}.Debug|x64.ActiveCfg = Debug|Any CPU
		{B2B0E064-62FB-4D70-BA86-47202D6239FA}.Debug|x64.Build.0 = Debug|Any CPU
		{B2B0E064-62FB-4D70-BA86-47202D6239FA}.Debug|x86.ActiveCfg = Debug|Any CPU
		{B2B0E064-62FB-4D70-BA86-47202D6239FA}.Debug|x86.Build.0 = Debug|Any CPU
		{B2B0E064-62FB-4D70-BA86-47202D6239FA}.Release|Any CPU.ActiveCfg = Release|Any CPU
		{B2B0E064-62FB-4D70-BA86-47202D6239FA}.Release|Any CPU.Build.0 = Release|Any CPU
		{B2B0E064-62FB-4D70-BA86-47202D6239FA}.Release|x64.ActiveCfg = Release|Any CPU
		{B2B0E064-62FB-4D70-BA86-47202D6239FA}.Release|x64.Build.0 = Release|Any CPU
		{B2B0E064-62FB-4D70-BA86-47202D6239FA}.Release|x86.ActiveCfg = Release|Any CPU
		{B2B0E064-62FB-4D70-BA86-47202D6239FA}.Release|x86.Build.0 = Release|Any CPU
	EndGlobalSection
	GlobalSection(SolutionProperties) = preSolution
		HideSolutionNode = FALSE
	EndGlobalSection
	GlobalSection(NestedProjects) = preSolution
		{C404426A-731B-4D09-AFF5-A1DEC16B5A56} = {827E0CD3-B72D-47B6-A68D-7590B98EB39B}
		{1537C32E-AAA3-403F-9470-98E03C309D0C} = {827E0CD3-B72D-47B6-A68D-7590B98EB39B}
		{5FCDD8B0-6CE8-40FF-842B-F0BC210DA7A6} = {827E0CD3-B72D-47B6-A68D-7590B98EB39B}
		{DE666AF9-D1C6-4E35-9311-E924EC026B8B} = {827E0CD3-B72D-47B6-A68D-7590B98EB39B}
		{9993D66D-73C0-44FF-952E-1C2A0A71873F} = {827E0CD3-B72D-47B6-A68D-7590B98EB39B}
		{B2B0E064-62FB-4D70-BA86-47202D6239FA} = {0AB3BF05-4346-4AA6-1389-037BE0695223}
	EndGlobalSection
EndGlobal
